
Microsoft Visual Studio Solution File, Format Version 12.00
# Visual Studio 14
VisualStudioVersion = 14.0.25420.1
MinimumVisualStudioVersion = 10.0.40219.1
Project("{FAE04EC0-301F-11D3-BF4B-00C04F79EFBC}") = "Domain", "Domain\Domain.csproj", "{598E7095-C425-4E08-B5BF-53D104395F1B}"
EndProject
Project("{FAE04EC0-301F-11D3-BF4B-00C04F79EFBC}") = "UI", "UI\UI.csproj", "{19C2C031-B8C7-4245-866B-32DC483DF48B}"
EndProject
Global
	GlobalSection(SolutionConfigurationPlatforms) = preSolution
		Debug|Any CPU = Debug|Any CPU
		Release|Any CPU = Release|Any CPU
	EndGlobalSection
	GlobalSection(ProjectConfigurationPlatforms) = postSolution
		{598E7095-C425-4E08-B5BF-53D104395F1B}.Debug|Any CPU.ActiveCfg = Debug|Any CPU
		{598E7095-C425-4E08-B5BF-53D104395F1B}.Debug|Any CPU.Build.0 = Debug|Any CPU
		{598E7095-C425-4E08-B5BF-53D104395F1B}.Release|Any CPU.ActiveCfg = Release|Any CPU
		{598E7095-C425-4E08-B5BF-53D104395F1B}.Release|Any CPU.Build.0 = Release|Any CPU
		{19C2C031-B8C7-4245-866B-32DC483DF48B}.Debug|Any CPU.ActiveCfg = Debug|Any CPU
		{19C2C031-B8C7-4245-866B-32DC483DF48B}.Debug|Any CPU.Build.0 = Debug|Any CPU
		{19C2C031-B8C7-4245-866B-32DC483DF48B}.Release|Any CPU.ActiveCfg = Release|Any CPU
		{19C2C031-B8C7-4245-866B-32DC483DF48B}.Release|Any CPU.Build.0 = Release|Any CPU
	EndGlobalSection
	GlobalSection(SolutionProperties) = preSolution
		HideSolutionNode = FALSE
	EndGlobalSection
EndGlobal
